{
  "nodes": {
    "nixpkgs": {
      "locked": {
        "lastModified": 1784103219,
        "narHash": "sha256-MyxoglQA10PAmtH4X8XA38Js2pryooWH7oSAfHRKGHU=",
        "owner": "NixOS",
        "repo": "nixpkgs",
        "rev": "f8dc94623d99b76cbe2ba5c9d83b465aab073d30",
        "type": "github"
      },
      "original": {
        "owner": "NixOS",
        "ref": "nixpkgs-26.05-darwin",
        "repo": "nixpkgs",
        "type": "github"
      }
    },
    "root": {
      "inputs": {
        "nixpkgs": "nixpkgs"
      }
    }
  },
  "root": "root",
  "version": 7
}
